
Microsoft Visual Studio Solution File, Format Version 12.00
# Visual Studio Version 16
VisualStudioVersion = 16.0.31105.61
MinimumVisualStudioVersion = 10.0.40219.1
Project("{FAE04EC0-301F-11D3-BF4B-00C04F79EFBC}") = "PulsOxiEmulator", "PulsOxiEmulator.csproj", "{FE78B460-E928-4CFE-9798-C6A2B82E1C27}"
EndProject
Global
	GlobalSection(SolutionConfigurationPlatforms) = preSolution
		Debug|Any CPU = Debug|Any CPU
		Release|Any CPU = Release|Any CPU
	EndGlobalSection
	GlobalSection(ProjectConfigurationPlatforms) = postSolution
		{FE78B460-E928-4CFE-9798-C6A2B82E1C27}.Debug|Any CPU.ActiveCfg = Debug|Any CPU
		{FE78B460-E928-4CFE-9798-C6A2B82E1C27}.Debug|Any CPU.Build.0 = Debug|Any CPU
		{FE78B460-E928-4CFE-9798-C6A2B82E1C27}.Release|Any CPU.ActiveCfg = Release|Any CPU
		{FE78B460-E928-4CFE-9798-C6A2B82E1C27}.Release|Any CPU.Build.0 = Release|Any CPU
	EndGlobalSection
	GlobalSection(SolutionProperties) = preSolution
		HideSolutionNode = FALSE
	EndGlobalSection
	GlobalSection(ExtensibilityGlobals) = postSolution
		SolutionGuid = {DEB8E003-FE9B-4B20-9F48-3AB014F1A8F9}
	EndGlobalSection
EndGlobal
